
Microsoft Visual Studio Solution File, Format Version 12.00
# Visual Studio Version 17
VisualStudioVersion = 17.0.32014.148
MinimumVisualStudioVersion = 10.0.40219.1
Project("{FAE04EC0-301F-11D3-BF4B-00C04F79EFBC}") = "NotesApp", "NotesApp\NotesApp.csproj", "{B45D0DB5-D38B-4402-AE7B-F4E2A48BEC76}"
EndProject
Global
	GlobalSection(SolutionConfigurationPlatforms) = preSolution
		Debug|Any CPU = Debug|Any CPU
		Release|Any CPU = Release|Any CPU
	EndGlobalSection
	GlobalSection(ProjectConfigurationPlatforms) = postSolution
		{B45D0DB5-D38B-4402-AE7B-F4E2A48BEC76}.Debug|Any CPU.ActiveCfg = Debug|Any CPU
		{B45D0DB5-D38B-4402-AE7B-F4E2A48BEC76}.Debug|Any CPU.Build.0 = Debug|Any CPU
		{B45D0DB5-D38B-4402-AE7B-F4E2A48BEC76}.Release|Any CPU.ActiveCfg = Release|Any CPU
		{B45D0DB5-D38B-4402-AE7B-F4E2A48BEC76}.Release|Any CPU.Build.0 = Release|Any CPU
	EndGlobalSection
	GlobalSection(SolutionProperties) = preSolution
		HideSolutionNode = FALSE
	EndGlobalSection
	GlobalSection(ExtensibilityGlobals) = postSolution
		SolutionGuid = {AC58203C-9E20-4080-8F6D-8168C4265670}
	EndGlobalSection
EndGlobal
